// !$*UTF8*$!
{
	archiveVersion = 1;
	classes = {
	};
	objectVersion = 56;
	objects = {

/* Begin PBXBuildFile section */
		9C89CD7E2B343963003BABEB /* GameState.swift in Sources */ = {isa = PBXBuildFile; fileRef = 9C89CD7D2B343963003BABEB /* GameState.swift */; };
		9C89CD802B343A4D003BABEB /* Sign.swift in Sources */ = {isa = PBXBuildFile; fileRef = 9C89CD7F2B343A4D003BABEB /* Sign.swift */; };
		9C89CD872B3945D1003BABEB /* player01-venusaur.gif in Resources */ = {isa = PBXBuildFile; fileRef = 9C89CD812B3945D1003BABEB /* player01-venusaur.gif */; };
		9C89CD882B3945D1003BABEB /* player02-charizard.gif in Resources */ = {isa = PBXBuildFile; fileRef = 9C89CD822B3945D1003BABEB /* player02-charizard.gif */; };
		9C89CD892B3945D1003BABEB /* player01-charizard.gif in Resources */ = {isa = PBXBuildFile; fileRef = 9C89CD832B3945D1003BABEB /* player01-charizard.gif */; };
		9C89CD8A2B3945D1003BABEB /* player02-blastoise.gif in Resources */ = {isa = PBXBuildFile; fileRef = 9C89CD842B3945D1003BABEB /* player02-blastoise.gif */; };
		9C89CD8B2B3945D1003BABEB /* player02-venusaur.gif in Resources */ = {isa = PBXBuildFile; fileRef = 9C89CD852B3945D1003BABEB /* player02-venusaur.gif */; };
		9C89CD8C2B3945D1003BABEB /* player01-blastoise.gif in Resources */ = {isa = PBXBuildFile; fileRef = 9C89CD862B3945D1003BABEB /* player01-blastoise.gif */; };
		9C89CD902B394618003BABEB /* SwiftyGif in Frameworks */ = {isa = PBXBuildFile; productRef = 9C89CD8F2B394618003BABEB /* SwiftyGif */; };
		9C89CD922B394618003BABEB /* SwiftyGif-Dynamic in Frameworks */ = {isa = PBXBuildFile; productRef = 9C89CD912B394618003BABEB /* SwiftyGif-Dynamic */; };
		9CA834B22B1EE20A00F1C8A2 /* AppDelegate.swift in Sources */ = {isa = PBXBuildFile; fileRef = 9CA834B12B1EE20A00F1C8A2 /* AppDelegate.swift */; };
		9CA834B42B1EE20A00F1C8A2 /* SceneDelegate.swift in Sources */ = {isa = PBXBuildFile; fileRef = 9CA834B32B1EE20A00F1C8A2 /* SceneDelegate.swift */; };
		9CA834BB2B1EE20B00F1C8A2 /* Assets.xcassets in Resources */ = {isa = PBXBuildFile; fileRef = 9CA834BA2B1EE20B00F1C8A2 /* Assets.xcassets */; };
		9CA834BE2B1EE20B00F1C8A2 /* LaunchScreen.storyboard in Resources */ = {isa = PBXBuildFile; fileRef = 9CA834BC2B1EE20B00F1C8A2 /* LaunchScreen.storyboard */; };
		9CA834C62B1EE2E500F1C8A2 /* dicesViewViewController.swift in Sources */ = {isa = PBXBuildFile; fileRef = 9CA834C52B1EE2E500F1C8A2 /* dicesViewViewController.swift */; };
		9CA834C82B1EE5C700F1C8A2 /* wheelViewController.swift in Sources */ = {isa = PBXBuildFile; fileRef = 9CA834C72B1EE5C700F1C8A2 /* wheelViewController.swift */; };
		9CA834CA2B1EE66A00F1C8A2 /* rockPaperScissorsViewController.swift in Sources */ = {isa = PBXBuildFile; fileRef = 9CA834C92B1EE66A00F1C8A2 /* rockPaperScissorsViewController.swift */; };
		9CA834CC2B1EF79C00F1C8A2 /* ticTacToeViewController.swift in Sources */ = {isa = PBXBuildFile; fileRef = 9CA834CB2B1EF79C00F1C8A2 /* ticTacToeViewController.swift */; };
/* End PBXBuildFile section */

/* Begin PBXFileReference section */
		9C89CD7D2B343963003BABEB /* GameState.swift */ = {isa = PBXFileReference; lastKnownFileType = sourcecode.swift; path = GameState.swift; sourceTree = "<group>"; };
		9C89CD7F2B343A4D003BABEB /* Sign.swift */ = {isa = PBXFileReference; lastKnownFileType = sourcecode.swift; path = Sign.swift; sourceTree = "<group>"; };
		9C89CD812B3945D1003BABEB /* player01-venusaur.gif */ = {isa = PBXFileReference; lastKnownFileType = image.gif; path = "player01-venusaur.gif"; sourceTree = "<group>"; };
		9C89CD822B3945D1003BABEB /* player02-charizard.gif */ = {isa = PBXFileReference; lastKnownFileType = image.gif; path = "player02-charizard.gif"; sourceTree = "<group>"; };
		9C89CD832B3945D1003BABEB /* player01-charizard.gif */ = {isa = PBXFileReference; lastKnownFileType = image.gif; path = "player01-charizard.gif"; sourceTree = "<group>"; };
		9C89CD842B3945D1003BABEB /* player02-blastoise.gif */ = {isa = PBXFileReference; lastKnownFileType = image.gif; path = "player02-blastoise.gif"; sourceTree = "<group>"; };
		9C89CD852B3945D1003BABEB /* player02-venusaur.gif */ = {isa = PBXFileReference; lastKnownFileType = image.gif; path = "player02-venusaur.gif"; sourceTree = "<group>"; };
		9C89CD862B3945D1003BABEB /* player01-blastoise.gif */ = {isa = PBXFileReference; lastKnownFileType = image.gif; path = "player01-blastoise.gif"; sourceTree = "<group>"; };
		9CA834AE2B1EE20A00F1C8A2 /* randomGames.app */ = {isa = PBXFileReference; explicitFileType = wrapper.application; includeInIndex = 0; path = randomGames.app; sourceTree = BUILT_PRODUCTS_DIR; };
		9CA834B12B1EE20A00F1C8A2 /* AppDelegate.swift */ = {isa = PBXFileReference; lastKnownFileType = sourcecode.swift; path = AppDelegate.swift; sourceTree = "<group>"; };
		9CA834B32B1EE20A00F1C8A2 /* SceneDelegate.swift */ = {isa = PBXFileReference; lastKnownFileType = sourcecode.swift; path = SceneDelegate.swift; sourceTree = "<group>"; };
		9CA834BA2B1EE20B00F1C8A2 /* Assets.xcassets */ = {isa = PBXFileReference; lastKnownFileType = folder.assetcatalog; path = Assets.xcassets; sourceTree = "<group>"; };
		9CA834BD2B1EE20B00F1C8A2 /* Base */ = {isa = PBXFileReference; lastKnownFileType = file.storyboard; name = Base; path = Base.lproj/LaunchScreen.storyboard; sourceTree = "<group>"; };
		9CA834BF2B1EE20B00F1C8A2 /* Info.plist */ = {isa = PBXFileReference; lastKnownFileType = text.plist.xml; path = Info.plist; sourceTree = "<group>"; };
		9CA834C52B1EE2E500F1C8A2 /* dicesViewViewController.swift */ = {isa = PBXFileReference; lastKnownFileType = sourcecode.swift; path = dicesViewViewController.swift; sourceTree = "<group>"; };
		9CA834C72B1EE5C700F1C8A2 /* wheelViewController.swift */ = {isa = PBXFileReference; lastKnownFileType = sourcecode.swift; path = wheelViewController.swift; sourceTree = "<group>"; };
		9CA834C92B1EE66A00F1C8A2 /* rockPaperScissorsViewController.swift */ = {isa = PBXFileReference; lastKnownFileType = sourcecode.swift; path = rockPaperScissorsViewController.swift; sourceTree = "<group>"; };
		9CA834CB2B1EF79C00F1C8A2 /* ticTacToeViewController.swift */ = {isa = PBXFileReference; lastKnownFileType = sourcecode.swift; path = ticTacToeViewController.swift; sourceTree = "<group>"; };
/* End PBXFileReference section */

/* Begin PBXFrameworksBuildPhase section */
		9CA834AB2B1EE20A00F1C8A2 /* Frameworks */ = {
			isa = PBXFrameworksBuildPhase;
			buildActionMask = 2147483647;
			files = (
				9C89CD902B394618003BABEB /* SwiftyGif in Frameworks */,
				9C89CD922B394618003BABEB /* SwiftyGif-Dynamic in Frameworks */,
			);
			runOnlyForDeploymentPostprocessing = 0;
		};
/* End PBXFrameworksBuildPhase section */

/* Begin PBXGroup section */
		9C89CD8D2B3945E5003BABEB /* Gifs */ = {
			isa = PBXGroup;
			children = (
				9C89CD862B3945D1003BABEB /* player01-blastoise.gif */,
				9C89CD832B3945D1003BABEB /* player01-charizard.gif */,
				9C89CD812B3945D1003BABEB /* player01-venusaur.gif */,
				9C89CD842B3945D1003BABEB /* player02-blastoise.gif */,
				9C89CD822B3945D1003BABEB /* player02-charizard.gif */,
				9C89CD852B3945D1003BABEB /* player02-venusaur.gif */,
			);
			path = Gifs;
			sourceTree = "<group>";
		};
		9CA834A52B1EE20A00F1C8A2 = {
			isa = PBXGroup;
			children = (
				9CA834B02B1EE20A00F1C8A2 /* randomGames */,
				9CA834AF2B1EE20A00F1C8A2 /* Products */,
			);
			sourceTree = "<group>";
		};
		9CA834AF2B1EE20A00F1C8A2 /* Products */ = {
			isa = PBXGroup;
			children = (
				9CA834AE2B1EE20A00F1C8A2 /* randomGames.app */,
			);
			name = Products;
			sourceTree = "<group>";
		};
		9CA834B02B1EE20A00F1C8A2 /* randomGames */ = {
			isa = PBXGroup;
			children = (
				9CA834B12B1EE20A00F1C8A2 /* AppDelegate.swift */,
				9CA834B32B1EE20A00F1C8A2 /* SceneDelegate.swift */,
				9CA834C52B1EE2E500F1C8A2 /* dicesViewViewController.swift */,
				9CA834C72B1EE5C700F1C8A2 /* wheelViewController.swift */,
				9CA834C92B1EE66A00F1C8A2 /* rockPaperScissorsViewController.swift */,
				9CA834CB2B1EF79C00F1C8A2 /* ticTacToeViewController.swift */,
				9CA834BA2B1EE20B00F1C8A2 /* Assets.xcassets */,
				9CA834BC2B1EE20B00F1C8A2 /* LaunchScreen.storyboard */,
				9CA834BF2B1EE20B00F1C8A2 /* Info.plist */,
				9C89CD7D2B343963003BABEB /* GameState.swift */,
				9C89CD7F2B343A4D003BABEB /* Sign.swift */,
				9C89CD8D2B3945E5003BABEB /* Gifs */,
			);
			path = randomGames;
			sourceTree = "<group>";
		};
/* End PBXGroup section */

/* Begin PBXNativeTarget section */
		9CA834AD2B1EE20A00F1C8A2 /* randomGames */ = {
			isa = PBXNativeTarget;
			buildConfigurationList = 9CA834C22B1EE20B00F1C8A2 /* Build configuration list for PBXNativeTarget "randomGames" */;
			buildPhases = (
				9CA834AA2B1EE20A00F1C8A2 /* Sources */,
				9CA834AB2B1EE20A00F1C8A2 /* Frameworks */,
				9CA834AC2B1EE20A00F1C8A2 /* Resources */,
			);
			buildRules = (
			);
			dependencies = (
			);
			name = randomGames;
			packageProductDependencies = (
				9C89CD8F2B394618003BABEB /* SwiftyGif */,
				9C89CD912B394618003BABEB /* SwiftyGif-Dynamic */,
			);
			productName = randomGames;
			productReference = 9CA834AE2B1EE20A00F1C8A2 /* randomGames.app */;
			productType = "com.apple.product-type.application";
		};
/* End PBXNativeTarget section */

/* Begin PBXProject section */
		9CA834A62B1EE20A00F1C8A2 /* Project object */ = {
			isa = PBXProject;
			attributes = {
				BuildIndependentTargetsInParallel = 1;
				LastSwiftUpdateCheck = 1500;
				LastUpgradeCheck = 1500;
				TargetAttributes = {
					9CA834AD2B1EE20A00F1C8A2 = {
						CreatedOnToolsVersion = 15.0;
					};
				};
			};
			buildConfigurationList = 9CA834A92B1EE20A00F1C8A2 /* Build configuration list for PBXProject "randomGames" */;
			compatibilityVersion = "Xcode 14.0";
			developmentRegion = en;
			hasScannedForEncodings = 0;
			knownRegions = (
				en,
				Base,
			);
			mainGroup = 9CA834A52B1EE20A00F1C8A2;
			packageReferences = (
				9C89CD8E2B394618003BABEB /* XCRemoteSwiftPackageReference "SwiftyGif" */,
			);
			productRefGroup = 9CA834AF2B1EE20A00F1C8A2 /* Products */;
			projectDirPath = "";
			projectRoot = "";
			targets = (
				9CA834AD2B1EE20A00F1C8A2 /* randomGames */,
			);
		};
/* End PBXProject section */

/* Begin PBXResourcesBuildPhase section */
		9CA834AC2B1EE20A00F1C8A2 /* Resources */ = {
			isa = PBXResourcesBuildPhase;
			buildActionMask = 2147483647;
			files = (
				9C89CD8A2B3945D1003BABEB /* player02-blastoise.gif in Resources */,
				9C89CD872B3945D1003BABEB /* player01-venusaur.gif in Resources */,
				9CA834BE2B1EE20B00F1C8A2 /* LaunchScreen.storyboard in Resources */,
				9C89CD8C2B3945D1003BABEB /* player01-blastoise.gif in Resources */,
				9C89CD882B3945D1003BABEB /* player02-charizard.gif in Resources */,
				9C89CD8B2B3945D1003BABEB /* player02-venusaur.gif in Resources */,
				9CA834BB2B1EE20B00F1C8A2 /* Assets.xcassets in Resources */,
				9C89CD892B3945D1003BABEB /* player01-charizard.gif in Resources */,
			);
			runOnlyForDeploymentPostprocessing = 0;
		};
/* End PBXResourcesBuildPhase section */

/* Begin PBXSourcesBuildPhase section */
		9CA834AA2B1EE20A00F1C8A2 /* Sources */ = {
			isa = PBXSourcesBuildPhase;
			buildActionMask = 2147483647;
			files = (
				9C89CD7E2B343963003BABEB /* GameState.swift in Sources */,
				9CA834CA2B1EE66A00F1C8A2 /* rockPaperScissorsViewController.swift in Sources */,
				9CA834C82B1EE5C700F1C8A2 /* wheelViewController.swift in Sources */,
				9CA834B22B1EE20A00F1C8A2 /* AppDelegate.swift in Sources */,
				9CA834B42B1EE20A00F1C8A2 /* SceneDelegate.swift in Sources */,
				9CA834C62B1EE2E500F1C8A2 /* dicesViewViewController.swift in Sources */,
				9C89CD802B343A4D003BABEB /* Sign.swift in Sources */,
				9CA834CC2B1EF79C00F1C8A2 /* ticTacToeViewController.swift in Sources */,
			);
			runOnlyForDeploymentPostprocessing = 0;
		};
/* End PBXSourcesBuildPhase section */

/* Begin PBXVariantGroup section */
		9CA834BC2B1EE20B00F1C8A2 /* LaunchScreen.storyboard */ = {
			isa = PBXVariantGroup;
			children = (
				9CA834BD2B1EE20B00F1C8A2 /* Base */,
			);
			name = LaunchScreen.storyboard;
			sourceTree = "<group>";
		};
/* End PBXVariantGroup section */

/* Begin XCBuildConfiguration section */
		9CA834C02B1EE20B00F1C8A2 /* Debug */ = {
			isa = XCBuildConfiguration;
			buildSettings = {
				ALWAYS_SEARCH_USER_PATHS = NO;
				ASSETCATALOG_COMPILER_GENERATE_SWIFT_ASSET_SYMBOL_EXTENSIONS = YES;
				CLANG_ANALYZER_NONNULL = YES;
				CLANG_ANALYZER_NUMBER_OBJECT_CONVERSION = YES_AGGRESSIVE;
				CLANG_CXX_LANGUAGE_STANDARD = "gnu++20";
				CLANG_ENABLE_MODULES = YES;
				CLANG_ENABLE_OBJC_ARC = YES;
				CLANG_ENABLE_OBJC_WEAK = YES;
				CLANG_WARN_BLOCK_CAPTURE_AUTORELEASING = YES;
				CLANG_WARN_BOOL_CONVERSION = YES;
				CLANG_WARN_COMMA = YES;
				CLANG_WARN_CONSTANT_CONVERSION = YES;
				CLANG_WARN_DEPRECATED_OBJC_IMPLEMENTATIONS = YES;
				CLANG_WARN_DIRECT_OBJC_ISA_USAGE = YES_ERROR;
				CLANG_WARN_DOCUMENTATION_COMMENTS = YES;
				CLANG_WARN_EMPTY_BODY = YES;
				CLANG_WARN_ENUM_CONVERSION = YES;
				CLANG_WARN_INFINITE_RECURSION = YES;
				CLANG_WARN_INT_CONVERSION = YES;
				CLANG_WARN_NON_LITERAL_NULL_CONVERSION = YES;
				CLANG_WARN_OBJC_IMPLICIT_RETAIN_SELF = YES;
				CLANG_WARN_OBJC_LITERAL_CONVERSION = YES;
				CLANG_WARN_OBJC_ROOT_CLASS = YES_ERROR;
				CLANG_WARN_QUOTED_INCLUDE_IN_FRAMEWORK_HEADER = YES;
				CLANG_WARN_RANGE_LOOP_ANALYSIS = YES;
				CLANG_WARN_STRICT_PROTOTYPES = YES;
				CLANG_WARN_SUSPICIOUS_MOVE = YES;
				CLANG_WARN_UNGUARDED_AVAILABILITY = YES_AGGRESSIVE;
				CLANG_WARN_UNREACHABLE_CODE = YES;
				CLANG_WARN__DUPLICATE_METHOD_MATCH = YES;
				COPY_PHASE_STRIP = NO;
				DEBUG_INFORMATION_FORMAT = dwarf;
				ENABLE_STRICT_OBJC_MSGSEND = YES;
				ENABLE_TESTABILITY = YES;
				ENABLE_USER_SCRIPT_SANDBOXING = YES;
				GCC_C_LANGUAGE_STANDARD = gnu17;
				GCC_DYNAMIC_NO_PIC = NO;
				GCC_NO_COMMON_BLOCKS = YES;
				GCC_OPTIMIZATION_LEVEL = 0;
				GCC_PREPROCESSOR_DEFINITIONS = (
					"DEBUG=1",
					"$(inherited)",
				);
				GCC_WARN_64_TO_32_BIT_CONVERSION = YES;
				GCC_WARN_ABOUT_RETURN_TYPE = YES_ERROR;
				GCC_WARN_UNDECLARED_SELECTOR = YES;
				GCC_WARN_UNINITIALIZED_AUTOS = YES_AGGRESSIVE;
				GCC_WARN_UNUSED_FUNCTION = YES;
				GCC_WARN_UNUSED_VARIABLE = YES;
				IPHONEOS_DEPLOYMENT_TARGET = 17.0;
				LOCALIZATION_PREFERS_STRING_CATALOGS = YES;
				MTL_ENABLE_DEBUG_INFO = INCLUDE_SOURCE;
				MTL_FAST_MATH = YES;
				ONLY_ACTIVE_ARCH = YES;
				SDKROOT = iphoneos;
				SWIFT_ACTIVE_COMPILATION_CONDITIONS = "DEBUG $(inherited)";
				SWIFT_OPTIMIZATION_LEVEL = "-Onone";
			};
			name = Debug;
		};
		9CA834C12B1EE20B00F1C8A2 /* Release */ = {
			isa = XCBuildConfiguration;
			buildSettings = {
				ALWAYS_SEARCH_USER_PATHS = NO;
				ASSETCATALOG_COMPILER_GENERATE_SWIFT_ASSET_SYMBOL_EXTENSIONS = YES;
				CLANG_ANALYZER_NONNULL = YES;
				CLANG_ANALYZER_NUMBER_OBJECT_CONVERSION = YES_AGGRESSIVE;
				CLANG_CXX_LANGUAGE_STANDARD = "gnu++20";
				CLANG_ENABLE_MODULES = YES;
				CLANG_ENABLE_OBJC_ARC = YES;
				CLANG_ENABLE_OBJC_WEAK = YES;
				CLANG_WARN_BLOCK_CAPTURE_AUTORELEASING = YES;
				CLANG_WARN_BOOL_CONVERSION = YES;
				CLANG_WARN_COMMA = YES;
				CLANG_WARN_CONSTANT_CONVERSION = YES;
				CLANG_WARN_DEPRECATED_OBJC_IMPLEMENTATIONS = YES;
				CLANG_WARN_DIRECT_OBJC_ISA_USAGE = YES_ERROR;
				CLANG_WARN_DOCUMENTATION_COMMENTS = YES;
				CLANG_WARN_EMPTY_BODY = YES;
				CLANG_WARN_ENUM_CONVERSION = YES;
				CLANG_WARN_INFINITE_RECURSION = YES;
				CLANG_WARN_INT_CONVERSION = YES;
				CLANG_WARN_NON_LITERAL_NULL_CONVERSION = YES;
				CLANG_WARN_OBJC_IMPLICIT_RETAIN_SELF = YES;
				CLANG_WARN_OBJC_LITERAL_CONVERSION = YES;
				CLANG_WARN_OBJC_ROOT_CLASS = YES_ERROR;
				CLANG_WARN_QUOTED_INCLUDE_IN_FRAMEWORK_HEADER = YES;
				CLANG_WARN_RANGE_LOOP_ANALYSIS = YES;
				CLANG_WARN_STRICT_PROTOTYPES = YES;
				CLANG_WARN_SUSPICIOUS_MOVE = YES;
				CLANG_WARN_UNGUARDED_AVAILABILITY = YES_AGGRESSIVE;
				CLANG_WARN_UNREACHABLE_CODE = YES;
				CLANG_WARN__DUPLICATE_METHOD_MATCH = YES;
				COPY_PHASE_STRIP = NO;
				DEBUG_INFORMATION_FORMAT = "dwarf-with-dsym";
				ENABLE_NS_ASSERTIONS = NO;
				ENABLE_STRICT_OBJC_MSGSEND = YES;
				ENABLE_USER_SCRIPT_SANDBOXING = YES;
				GCC_C_LANGUAGE_STANDARD = gnu17;
				GCC_NO_COMMON_BLOCKS = YES;
				GCC_WARN_64_TO_32_BIT_CONVERSION = YES;
				GCC_WARN_ABOUT_RETURN_TYPE = YES_ERROR;
				GCC_WARN_UNDECLARED_SELECTOR = YES;
				GCC_WARN_UNINITIALIZED_AUTOS = YES_AGGRESSIVE;
				GCC_WARN_UNUSED_FUNCTION = YES;
				GCC_WARN_UNUSED_VARIABLE = YES;
				IPHONEOS_DEPLOYMENT_TARGET = 17.0;
				LOCALIZATION_PREFERS_STRING_CATALOGS = YES;
				MTL_ENABLE_DEBUG_INFO = NO;
				MTL_FAST_MATH = YES;
				SDKROOT = iphoneos;
				SWIFT_COMPILATION_MODE = wholemodule;
				VALIDATE_PRODUCT = YES;
			};
			name = Release;
		};
		9CA834C32B1EE20B00F1C8A2 /* Debug */ = {
			isa = XCBuildConfiguration;
			buildSettings = {
				ASSETCATALOG_COMPILER_APPICON_NAME = AppIcon;
				ASSETCATALOG_COMPILER_GLOBAL_ACCENT_COLOR_NAME = AccentColor;
				CODE_SIGN_STYLE = Automatic;
				CURRENT_PROJECT_VERSION = 1;
				DEVELOPMENT_TEAM = NJPBU9N55Q;
				GENERATE_INFOPLIST_FILE = YES;
				INFOPLIST_FILE = randomGames/Info.plist;
				INFOPLIST_KEY_UIApplicationSupportsIndirectInputEvents = YES;
				INFOPLIST_KEY_UILaunchStoryboardName = LaunchScreen;
				INFOPLIST_KEY_UIStatusBarStyle = UIStatusBarStyleDarkContent;
				INFOPLIST_KEY_UISupportedInterfaceOrientations_iPad = "UIInterfaceOrientationPortrait UIInterfaceOrientationPortraitUpsideDown UIInterfaceOrientationLandscapeLeft UIInterfaceOrientationLandscapeRight";
				INFOPLIST_KEY_UISupportedInterfaceOrientations_iPhone = "UIInterfaceOrientationPortrait UIInterfaceOrientationLandscapeLeft UIInterfaceOrientationLandscapeRight";
				LD_RUNPATH_SEARCH_PATHS = (
					"$(inherited)",
					"@executable_path/Frameworks",
				);
				MARKETING_VERSION = 1.0;
				PRODUCT_BUNDLE_IDENTIFIER = Demo.randomGames;
				PRODUCT_NAME = "$(TARGET_NAME)";
				SWIFT_EMIT_LOC_STRINGS = YES;
				SWIFT_VERSION = 5.0;
				TARGETED_DEVICE_FAMILY = "1,2";
			};
			name = Debug;
		};
		9CA834C42B1EE20B00F1C8A2 /* Release */ = {
			isa = XCBuildConfiguration;
			buildSettings = {
				ASSETCATALOG_COMPILER_APPICON_NAME = AppIcon;
				ASSETCATALOG_COMPILER_GLOBAL_ACCENT_COLOR_NAME = AccentColor;
				CODE_SIGN_STYLE = Automatic;
				CURRENT_PROJECT_VERSION = 1;
				DEVELOPMENT_TEAM = NJPBU9N55Q;
				GENERATE_INFOPLIST_FILE = YES;
				INFOPLIST_FILE = randomGames/Info.plist;
				INFOPLIST_KEY_UIApplicationSupportsIndirectInputEvents = YES;
				INFOPLIST_KEY_UILaunchStoryboardName = LaunchScreen;
				INFOPLIST_KEY_UIStatusBarStyle = UIStatusBarStyleDarkContent;
				INFOPLIST_KEY_UISupportedInterfaceOrientations_iPad = "UIInterfaceOrientationPortrait UIInterfaceOrientationPortraitUpsideDown UIInterfaceOrientationLandscapeLeft UIInterfaceOrientationLandscapeRight";
				INFOPLIST_KEY_UISupportedInterfaceOrientations_iPhone = "UIInterfaceOrientationPortrait UIInterfaceOrientationLandscapeLeft UIInterfaceOrientationLandscapeRight";
				LD_RUNPATH_SEARCH_PATHS = (
					"$(inherited)",
					"@executable_path/Frameworks",
				);
				MARKETING_VERSION = 1.0;
				PRODUCT_BUNDLE_IDENTIFIER = Demo.randomGames;
				PRODUCT_NAME = "$(TARGET_NAME)";
				SWIFT_EMIT_LOC_STRINGS = YES;
				SWIFT_VERSION = 5.0;
				TARGETED_DEVICE_FAMILY = "1,2";
			};
			name = Release;
		};
/* End XCBuildConfiguration section */

/* Begin XCConfigurationList section */
		9CA834A92B1EE20A00F1C8A2 /* Build configuration list for PBXProject "randomGames" */ = {
			isa = XCConfigurationList;
			buildConfigurations = (
				9CA834C02B1EE20B00F1C8A2 /* Debug */,
				9CA834C12B1EE20B00F1C8A2 /* Release */,
			);
			defaultConfigurationIsVisible = 0;
			defaultConfigurationName = Release;
		};
		9CA834C22B1EE20B00F1C8A2 /* Build configuration list for PBXNativeTarget "randomGames" */ = {
			isa = XCConfigurationList;
			buildConfigurations = (
				9CA834C32B1EE20B00F1C8A2 /* Debug */,
				9CA834C42B1EE20B00F1C8A2 /* Release */,
			);
			defaultConfigurationIsVisible = 0;
			defaultConfigurationName = Release;
		};
/* End XCConfigurationList section */

/* Begin XCRemoteSwiftPackageReference section */
		9C89CD8E2B394618003BABEB /* XCRemoteSwiftPackageReference "SwiftyGif" */ = {
			isa = XCRemoteSwiftPackageReference;
			repositoryURL = "https://github.com/kirualex/SwiftyGif.git";
			requirement = {
				kind = upToNextMajorVersion;
				minimumVersion = 5.4.4;
			};
		};
/* End XCRemoteSwiftPackageReference section */

/* Begin XCSwiftPackageProductDependency section */
		9C89CD8F2B394618003BABEB /* SwiftyGif */ = {
			isa = XCSwiftPackageProductDependency;
			package = 9C89CD8E2B394618003BABEB /* XCRemoteSwiftPackageReference "SwiftyGif" */;
			productName = SwiftyGif;
		};
		9C89CD912B394618003BABEB /* SwiftyGif-Dynamic */ = {
			isa = XCSwiftPackageProductDependency;
			package = 9C89CD8E2B394618003BABEB /* XCRemoteSwiftPackageReference "SwiftyGif" */;
			productName = "SwiftyGif-Dynamic";
		};
/* End XCSwiftPackageProductDependency section */
	};
	rootObject = 9CA834A62B1EE20A00F1C8A2 /* Project object */;
}
